Microsoft Visual Studio Solution File, Format Version 12.00
# Visual Studio Version 17
VisualStudioVersion = 17.0.31903.59
MinimumVisualStudioVersion = 10.0.40219.1
Project("{FAE04EC0-301F-11D3-BF4B-00C04F79EFBC}") = "CubeGen", "CubeGen.csproj", "{A3DCCBAD-2CAA-4EB6-9A9F-F58B2B3BD5E6}"
EndProject
Global
	GlobalSection(SolutionConfigurationPlatforms) = preSolution
		Debug|Any CPU = Debug|Any CPU
		ExportDebug|Any CPU = ExportDebug|Any CPU
		ExportRelease|Any CPU = ExportRelease|Any CPU
	EndGlobalSection
	GlobalSection(SolutionProperties) = preSolution
		HideSolutionNode = FALSE
	EndGlobalSection
	GlobalSection(ProjectConfigurationPlatforms) = postSolution
		{A3DCCBAD-2CAA-4EB6-9A9F-F58B2B3BD5E6}.Debug|Any CPU.ActiveCfg = Debug|Any CPU
		{A3DCCBAD-2CAA-4EB6-9A9F-F58B2B3BD5E6}.Debug|Any CPU.Build.0 = Debug|Any CPU
		{A3DCCBAD-2CAA-4EB6-9A9F-F58B2B3BD5E6}.ExportDebug|Any CPU.ActiveCfg = ExportDebug|Any CPU
		{A3DCCBAD-2CAA-4EB6-9A9F-F58B2B3BD5E6}.ExportDebug|Any CPU.Build.0 = ExportDebug|Any CPU
		{A3DCCBAD-2CAA-4EB6-9A9F-F58B2B3BD5E6}.ExportRelease|Any CPU.ActiveCfg = ExportRelease|Any CPU
		{A3DCCBAD-2CAA-4EB6-9A9F-F58B2B3BD5E6}.ExportRelease|Any CPU.Build.0 = ExportRelease|Any CPU
	EndGlobalSection
EndGlobal
